{
  "name": "dxf2svg",
  "version": "1.0.0",
  "lockfileVersion": 2,
  "requires": true,
  "packages": {
    "": {
      "version": "1.0.0",
      "license": "ISC",
      "dependencies": {
        "dxf": "^4.4.4"
      }
    },
    "node_modules/commander": {
      "version": "2.20.3",
      "resolved": "https://registry.npmjs.org/commander/-/commander-2.20.3.tgz",
      "integrity": "sha512-GpVkmM8vF2vQUkj2LvZmD35JxeJOLCwJ9cUkugyk2nuhbv3+mJvpLYYt+0+USMxE+oj+ey/lJEnhZw75x/OMcQ=="
    },
    "node_modules/dxf": {
      "version": "4.4.4",
      "resolved": "https://registry.npmjs.org/dxf/-/dxf-4.4.4.tgz",
      "integrity": "sha512-aAjd7uD/sAB97aYdfdsh0RoqwNK4DlvaI1XZglQAxTnGbt7KFFUKTJghxu6IYthTMjt05TCfD/pIInKqVpx72A==",
      "dependencies": {
        "commander": "^2.20.3",
        "lodash": "^4.17.15",
        "pretty-data": "^0.40.0",
        "round10": "^1.0.3",
        "vecks": "^3.9.0"
      },
      "bin": {
        "dxf-to-svg": "lib/cli.js"
      },
      "engines": {
        "node": ">=8.9.0"
      }
    },
    "node_modules/lodash": {
      "version": "4.17.21",
      "resolved": "https://registry.npmjs.org/lodash/-/lodash-4.17.21.tgz",
      "integrity": "sha512-v2kDEe57lecTulaDIuNTPy3Ry4gLGJ6Z1O3vE1krgXZNrsQ+LFTGHVxVjcXPs17LhbZVGedAJv8XZ1tvj5FvSg=="
    },
    "node_modules/pretty-data": {
      "version": "0.40.0",
      "resolved": "https://registry.npmjs.org/pretty-data/-/pretty-data-0.40.0.tgz",
      "integrity": "sha1-Vyqo6iNGdGerlLa1Jmpv2cj93XI=",
      "engines": {
        "node": "*"
      }
    },
    "node_modules/round10": {
      "version": "1.0.3",
      "resolved": "https://registry.npmjs.org/round10/-/round10-1.0.3.tgz",
      "integrity": "sha1-hhEPRqEIdKGTHaf91eBtGFeo5NA="
    },
    "node_modules/vecks": {
      "version": "3.9.2",
      "resolved": "https://registry.npmjs.org/vecks/-/vecks-3.9.2.tgz",
      "integrity": "sha512-ubOo1KoOrPu3llYmlE4SH60JWcR+YDaObP+1Kzpbcl09dKIf0fbBweW8Xyg+6Nk2Rrnyit6Jxw9bx2LOYpMQMA=="
    }
  },
  "dependencies": {
    "commander": {
      "version": "2.20.3",
      "resolved": "https://registry.npmjs.org/commander/-/commander-2.20.3.tgz",
      "integrity": "sha512-GpVkmM8vF2vQUkj2LvZmD35JxeJOLCwJ9cUkugyk2nuhbv3+mJvpLYYt+0+USMxE+oj+ey/lJEnhZw75x/OMcQ=="
    },
    "dxf": {
      "version": "4.4.4",
      "resolved": "https://registry.npmjs.org/dxf/-/dxf-4.4.4.tgz",
      "integrity": "sha512-aAjd7uD/sAB97aYdfdsh0RoqwNK4DlvaI1XZglQAxTnGbt7KFFUKTJghxu6IYthTMjt05TCfD/pIInKqVpx72A==",
      "requires": {
        "commander": "^2.20.3",
        "lodash": "^4.17.15",
        "pretty-data": "^0.40.0",
        "round10": "^1.0.3",
        "vecks": "^3.9.0"
      }
    },
    "lodash": {
      "version": "4.17.21",
      "resolved": "https://registry.npmjs.org/lodash/-/lodash-4.17.21.tgz",
      "integrity": "sha512-v2kDEe57lecTulaDIuNTPy3Ry4gLGJ6Z1O3vE1krgXZNrsQ+LFTGHVxVjcXPs17LhbZVGedAJv8XZ1tvj5FvSg=="
    },
    "pretty-data": {
      "version": "0.40.0",
      "resolved": "https://registry.npmjs.org/pretty-data/-/pretty-data-0.40.0.tgz",
      "integrity": "sha1-Vyqo6iNGdGerlLa1Jmpv2cj93XI="
    },
    "round10": {
      "version": "1.0.3",
      "resolved": "https://registry.npmjs.org/round10/-/round10-1.0.3.tgz",
      "integrity": "sha1-hhEPRqEIdKGTHaf91eBtGFeo5NA="
    },
    "vecks": {
      "version": "3.9.2",
      "resolved": "https://registry.npmjs.org/vecks/-/vecks-3.9.2.tgz",
      "integrity": "sha512-ubOo1KoOrPu3llYmlE4SH60JWcR+YDaObP+1Kzpbcl09dKIf0fbBweW8Xyg+6Nk2Rrnyit6Jxw9bx2LOYpMQMA=="
    }
  }
}
